
Microsoft Visual Studio Solution File, Format Version 12.00
# Visual Studio Version 17
VisualStudioVersion = 17.14.36109.1
MinimumVisualStudioVersion = 10.0.40219.1
Project("{FAE04EC0-301F-11D3-BF4B-00C04F79EFBC}") = "Lab5", "ConsoleApp5\Lab5.csproj", "{F43BF06E-A3F3-4EAD-8978-E1F03418B794}"
EndProject
Global
	GlobalSection(SolutionConfigurationPlatforms) = preSolution
		Debug|Any CPU = Debug|Any CPU
		Release|Any CPU = Release|Any CPU
	EndGlobalSection
	GlobalSection(ProjectConfigurationPlatforms) = postSolution
		{F43BF06E-A3F3-4EAD-8978-E1F03418B794}.Debug|Any CPU.ActiveCfg = Debug|Any CPU
		{F43BF06E-A3F3-4EAD-8978-E1F03418B794}.Debug|Any CPU.Build.0 = Debug|Any CPU
		{F43BF06E-A3F3-4EAD-8978-E1F03418B794}.Release|Any CPU.ActiveCfg = Release|Any CPU
		{F43BF06E-A3F3-4EAD-8978-E1F03418B794}.Release|Any CPU.Build.0 = Release|Any CPU
	EndGlobalSection
	GlobalSection(SolutionProperties) = preSolution
		HideSolutionNode = FALSE
	EndGlobalSection
	GlobalSection(ExtensibilityGlobals) = postSolution
		SolutionGuid = {FA5CB1AD-2C6A-4216-B87C-1A071F11D769}
	EndGlobalSection
EndGlobal
